
Microsoft Visual Studio Solution File, Format Version 12.00
# Visual Studio Version 17
VisualStudioVersion = 17.10.35122.118
MinimumVisualStudioVersion = 10.0.40219.1
Project("{FAE04EC0-301F-11D3-BF4B-00C04F79EFBC}") = "ADSAlunos2024", "ADSAlunos2024.csproj", "{1040B001-B9B9-4954-9195-2F2156CF75B7}"
EndProject
Global
	GlobalSection(SolutionConfigurationPlatforms) = preSolution
		Debug|Any CPU = Debug|Any CPU
		Release|Any CPU = Release|Any CPU
	EndGlobalSection
	GlobalSection(ProjectConfigurationPlatforms) = postSolution
		{1040B001-B9B9-4954-9195-2F2156CF75B7}.Debug|Any CPU.ActiveCfg = Debug|Any CPU
		{1040B001-B9B9-4954-9195-2F2156CF75B7}.Debug|Any CPU.Build.0 = Debug|Any CPU
		{1040B001-B9B9-4954-9195-2F2156CF75B7}.Release|Any CPU.ActiveCfg = Release|Any CPU
		{1040B001-B9B9-4954-9195-2F2156CF75B7}.Release|Any CPU.Build.0 = Release|Any CPU
	EndGlobalSection
	GlobalSection(SolutionProperties) = preSolution
		HideSolutionNode = FALSE
	EndGlobalSection
	GlobalSection(ExtensibilityGlobals) = postSolution
		SolutionGuid = {F34EC625-8745-4B7A-A54F-AEC463F246A2}
	EndGlobalSection
EndGlobal
